{
  "version": "1",
  "sources": {
    "disko": {
      "type": "GitHub",
      "fetchType": "tarball",
      "owner": "Bert-Proesmans",
      "repo": "disko",
      "branch": "fix-vmtools",
      "revision": "cbdf19969b08c168f54a7bfef8364e34213f7ca8",
      "url": "https://github.com/Bert-Proesmans/disko/archive/cbdf19969b08c168f54a7bfef8364e34213f7ca8.tar.gz",
      "hash": "sha256-wwlwuOF/eDXTNMYJdGUHt0t0IX+XO4CN2ydgJy4lk3s="
    },
    "home-manager": {
      "type": "GitHub",
      "fetchType": "tarball",
      "owner": "nix-community",
      "repo": "home-manager",
      "branch": "master",
      "revision": "bf9ce9fec78f95f374e8dd3b503863a3ec128ebe",
      "url": "https://github.com/nix-community/home-manager/archive/bf9ce9fec78f95f374e8dd3b503863a3ec128ebe.tar.gz",
      "hash": "sha256-vkMnV0JIyw+g/NmcfoajlGaAO+9a0ezia+FZohQJrik="
    },
    "ly-themes": {
      "type": "Git",
      "fetchType": "git",
      "frozen": true,
      "branch": "main",
      "revision": "2f22cfaf7d17598c8f60f562d56e16d74b6c99ab",
      "url": "https://codeberg.org/fairyglade/ly-community.git",
      "hash": "sha256-BQhlvWmEkXNpbUgtGBzbHjdQwRa2jxHhBBNu8sVzIDQ=",
      "lastModified": 1783331194,
      "submodules": false
    },
    "nixos-vscode-server": {
      "type": "GitHub",
      "fetchType": "tarball",
      "owner": "nix-community",
      "repo": "nixos-vscode-server",
      "branch": "master",
      "revision": "2f984dfbe7e5271b5c413d3e734374cc1306c921",
      "url": "https://github.com/nix-community/nixos-vscode-server/archive/2f984dfbe7e5271b5c413d3e734374cc1306c921.tar.gz",
      "hash": "sha256-2uHCSUw341o3my1R0U0YCfbnMEazylxb58evWsjGL50="
    },
    "nixpkgs": {
      "type": "GitHub",
      "fetchType": "tarball",
      "owner": "nixos",
      "repo": "nixpkgs",
      "branch": "nixos-unstable",
      "revision": "1559d3daa3ecc813a650b79375ea61b6741b8746",
      "url": "https://github.com/nixos/nixpkgs/archive/1559d3daa3ecc813a650b79375ea61b6741b8746.tar.gz",
      "hash": "sha256-LQy14TZp77TwbQf40gg1V3jo8FwJG0jGDkAH+zRHqg8="
    },
    "noctalia": {
      "type": "GitHub",
      "fetchType": "tarball",
      "owner": "noctalia-dev",
      "repo": "noctalia",
      "branch": "main",
      "revision": "73e498510e6f134b038a1c399bfe18e4e807102a",
      "url": "https://github.com/noctalia-dev/noctalia/archive/73e498510e6f134b038a1c399bfe18e4e807102a.tar.gz",
      "hash": "sha256-BembuDefgisohYMY/RGe1gi1Ldkr0CUjP1TMgLphUI4="
    },
    "treefmt-nix": {
      "type": "GitHub",
      "fetchType": "tarball",
      "owner": "numtide",
      "repo": "treefmt-nix",
      "branch": "main",
      "revision": "d1187f8bc71fb8aab02395869ec3f5c1920f75c0",
      "url": "https://github.com/numtide/treefmt-nix/archive/d1187f8bc71fb8aab02395869ec3f5c1920f75c0.tar.gz",
      "hash": "sha256-XE1lKgQ3eIO3E7zWryqcRsax+mYXod/5RHBn4YaR9YE="
    }
  }
}
